
Microsoft Visual Studio Solution File, Format Version 12.00
# Visual Studio 15
VisualStudioVersion = 15.0.26430.14
MinimumVisualStudioVersion = 10.0.40219.1
Project("{FAE04EC0-301F-11D3-BF4B-00C04F79EFBC}") = "SomePatterns", "SomePatterns\SomePatterns.csproj", "{D4E82148-6F0D-4199-8A15-07E6ADCE4997}"
EndProject
Project("{FAE04EC0-301F-11D3-BF4B-00C04F79EFBC}") = "SomePatterns.Tests", "SomePatterns.Tests\SomePatterns.Tests.csproj", "{CF159FC7-EBBD-410D-9D9B-F3721AA0066B}"
EndProject
Global
	GlobalSection(SolutionConfigurationPlatforms) = preSolution
		Debug|Any CPU = Debug|Any CPU
		Release|Any CPU = Release|Any CPU
	EndGlobalSection
	GlobalSection(ProjectConfigurationPlatforms) = postSolution
		{D4E82148-6F0D-4199-8A15-07E6ADCE4997}.Debug|Any CPU.ActiveCfg = Debug|Any CPU
		{D4E82148-6F0D-4199-8A15-07E6ADCE4997}.Debug|Any CPU.Build.0 = Debug|Any CPU
		{D4E82148-6F0D-4199-8A15-07E6ADCE4997}.Release|Any CPU.ActiveCfg = Release|Any CPU
		{D4E82148-6F0D-4199-8A15-07E6ADCE4997}.Release|Any CPU.Build.0 = Release|Any CPU
		{CF159FC7-EBBD-410D-9D9B-F3721AA0066B}.Debug|Any CPU.ActiveCfg = Debug|Any CPU
		{CF159FC7-EBBD-410D-9D9B-F3721AA0066B}.Debug|Any CPU.Build.0 = Debug|Any CPU
		{CF159FC7-EBBD-410D-9D9B-F3721AA0066B}.Release|Any CPU.ActiveCfg = Release|Any CPU
		{CF159FC7-EBBD-410D-9D9B-F3721AA0066B}.Release|Any CPU.Build.0 = Release|Any CPU
	EndGlobalSection
	GlobalSection(SolutionProperties) = preSolution
		HideSolutionNode = FALSE
	EndGlobalSection
EndGlobal
